
Microsoft Visual Studio Solution File, Format Version 12.00
# Visual Studio Version 17
VisualStudioVersion = 17.14.36518.9
MinimumVisualStudioVersion = 10.0.40219.1
Project("{FAE04EC0-301F-11D3-BF4B-00C04F79EFBC}") = "APPZLab1", "APPZLab1\APPZLab1.csproj", "{B335392E-427B-4B1D-BBA5-9121CFE5D45F}"
EndProject
Project("{FAE04EC0-301F-11D3-BF4B-00C04F79EFBC}") = "APPZLab2", "APPZLab2\APPZLab2.csproj", "{623C4B02-9ACC-4BF6-BC7C-C25D2350CCB2}"
EndProject
Global
	GlobalSection(SolutionConfigurationPlatforms) = preSolution
		Debug|Any CPU = Debug|Any CPU
		Release|Any CPU = Release|Any CPU
	EndGlobalSection
	GlobalSection(ProjectConfigurationPlatforms) = postSolution
		{B335392E-427B-4B1D-BBA5-9121CFE5D45F}.Debug|Any CPU.ActiveCfg = Debug|Any CPU
		{B335392E-427B-4B1D-BBA5-9121CFE5D45F}.Debug|Any CPU.Build.0 = Debug|Any CPU
		{B335392E-427B-4B1D-BBA5-9121CFE5D45F}.Release|Any CPU.ActiveCfg = Release|Any CPU
		{B335392E-427B-4B1D-BBA5-9121CFE5D45F}.Release|Any CPU.Build.0 = Release|Any CPU
		{623C4B02-9ACC-4BF6-BC7C-C25D2350CCB2}.Debug|Any CPU.ActiveCfg = Debug|Any CPU
		{623C4B02-9ACC-4BF6-BC7C-C25D2350CCB2}.Debug|Any CPU.Build.0 = Debug|Any CPU
		{623C4B02-9ACC-4BF6-BC7C-C25D2350CCB2}.Release|Any CPU.ActiveCfg = Release|Any CPU
		{623C4B02-9ACC-4BF6-BC7C-C25D2350CCB2}.Release|Any CPU.Build.0 = Release|Any CPU
	EndGlobalSection
	GlobalSection(SolutionProperties) = preSolution
		HideSolutionNode = FALSE
	EndGlobalSection
	GlobalSection(ExtensibilityGlobals) = postSolution
		SolutionGuid = {AF597728-2F7E-4C95-890B-C237C978624B}
	EndGlobalSection
EndGlobal
